// !$*UTF8*$!
{
	archiveVersion = 1;
	classes = {
	};
	objectVersion = 51;
	objects = {

/* Begin PBXBuildFile section */
		5F092D108C58CE0BB3C4CBCF /* Pods_DalTube.framework in Frameworks */ = {isa = PBXBuildFile; fileRef = 2F4AA4240BCBBBDD9584CE3A /* Pods_DalTube.framework */; };
		9A04DCA22743E17F0012658D /* HomeTableViewCell.swift in Sources */ = {isa = PBXBuildFile; fileRef = 9A04DCA02743E17F0012658D /* HomeTableViewCell.swift */; };
		9A04DCA32743E17F0012658D /* HomeTableViewCell.xib in Resources */ = {isa = PBXBuildFile; fileRef = 9A04DCA12743E17F0012658D /* HomeTableViewCell.xib */; };
		9A04DCA52743E7BA0012658D /* HomeContentDataModel.swift in Sources */ = {isa = PBXBuildFile; fileRef = 9A04DCA42743E7BA0012658D /* HomeContentDataModel.swift */; };
		9A18707E2708521500228B78 /* AppDelegate.swift in Sources */ = {isa = PBXBuildFile; fileRef = 9A18707D2708521500228B78 /* AppDelegate.swift */; };
		9A1870802708521500228B78 /* SceneDelegate.swift in Sources */ = {isa = PBXBuildFile; fileRef = 9A18707F2708521500228B78 /* SceneDelegate.swift */; };
		9A1870822708521500228B78 /* ViewController.swift in Sources */ = {isa = PBXBuildFile; fileRef = 9A1870812708521500228B78 /* ViewController.swift */; };
		9A1870852708521500228B78 /* Main.storyboard in Resources */ = {isa = PBXBuildFile; fileRef = 9A1870832708521500228B78 /* Main.storyboard */; };
		9A1870872708521600228B78 /* Assets.xcassets in Resources */ = {isa = PBXBuildFile; fileRef = 9A1870862708521600228B78 /* Assets.xcassets */; };
		9A18708A2708521600228B78 /* LaunchScreen.storyboard in Resources */ = {isa = PBXBuildFile; fileRef = 9A1870882708521600228B78 /* LaunchScreen.storyboard */; };
		9A193E13277333E500231077 /* HomeCollectionViewCell.swift in Sources */ = {isa = PBXBuildFile; fileRef = 9A193E11277333E500231077 /* HomeCollectionViewCell.swift */; };
		9A193E14277333E500231077 /* HomeCollectionViewCell.xib in Resources */ = {isa = PBXBuildFile; fileRef = 9A193E12277333E500231077 /* HomeCollectionViewCell.xib */; };
		9A193E172773395C00231077 /* TagCollectionViewCell.swift in Sources */ = {isa = PBXBuildFile; fileRef = 9A193E152773395C00231077 /* TagCollectionViewCell.swift */; };
		9A193E182773395C00231077 /* TagCollectionViewCell.xib in Resources */ = {isa = PBXBuildFile; fileRef = 9A193E162773395C00231077 /* TagCollectionViewCell.xib */; };
		9A193E1A27758AB700231077 /* APIConstants.swift in Sources */ = {isa = PBXBuildFile; fileRef = 9A193E1927758AB700231077 /* APIConstants.swift */; };
		9A43F82C27293CDD002DC0D5 /* CustomTabBarController.swift in Sources */ = {isa = PBXBuildFile; fileRef = 9A43F82B27293CDD002DC0D5 /* CustomTabBarController.swift */; };
		9A43F838272944A2002DC0D5 /* HomeVC.swift in Sources */ = {isa = PBXBuildFile; fileRef = 9A43F837272944A2002DC0D5 /* HomeVC.swift */; };
		9A43F83A272944B6002DC0D5 /* ShortsVC.swift in Sources */ = {isa = PBXBuildFile; fileRef = 9A43F839272944B6002DC0D5 /* ShortsVC.swift */; };
		9A43F83C272944BF002DC0D5 /* AddVC.swift in Sources */ = {isa = PBXBuildFile; fileRef = 9A43F83B272944BF002DC0D5 /* AddVC.swift */; };
		9A43F83E272944C9002DC0D5 /* SubVC.swift in Sources */ = {isa = PBXBuildFile; fileRef = 9A43F83D272944C9002DC0D5 /* SubVC.swift */; };
		9A43F840272944D2002DC0D5 /* StoreVC.swift in Sources */ = {isa = PBXBuildFile; fileRef = 9A43F83F272944D2002DC0D5 /* StoreVC.swift */; };
		9A53B76A270A7D7800ECE343 /* LoginViewController.swift in Sources */ = {isa = PBXBuildFile; fileRef = 9A53B769270A7D7800ECE343 /* LoginViewController.swift */; };
		9A53B76C270A7DEB00ECE343 /* SigninViewController.swift in Sources */ = {isa = PBXBuildFile; fileRef = 9A53B76B270A7DEB00ECE343 /* SigninViewController.swift */; };
		9A53B76E270A7E0A00ECE343 /* WelcomeViewController.swift in Sources */ = {isa = PBXBuildFile; fileRef = 9A53B76D270A7E0A00ECE343 /* WelcomeViewController.swift */; };
/* End PBXBuildFile section */

/* Begin PBXFileReference section */
		053A7D81CDD0FABA5B56F7FD /* Pods-DalTube.debug.xcconfig */ = {isa = PBXFileReference; includeInIndex = 1; lastKnownFileType = text.xcconfig; name = "Pods-DalTube.debug.xcconfig"; path = "Target Support Files/Pods-DalTube/Pods-DalTube.debug.xcconfig"; sourceTree = "<group>"; };
		2F4AA4240BCBBBDD9584CE3A /* Pods_DalTube.framework */ = {isa = PBXFileReference; explicitFileType = wrapper.framework; includeInIndex = 0; path = Pods_DalTube.framework; sourceTree = BUILT_PRODUCTS_DIR; };
		6647690D6A1F78395DBD5682 /* Pods-DalTube.release.xcconfig */ = {isa = PBXFileReference; includeInIndex = 1; lastKnownFileType = text.xcconfig; name = "Pods-DalTube.release.xcconfig"; path = "Target Support Files/Pods-DalTube/Pods-DalTube.release.xcconfig"; sourceTree = "<group>"; };
		9A04DCA02743E17F0012658D /* HomeTableViewCell.swift */ = {isa = PBXFileReference; lastKnownFileType = sourcecode.swift; path = HomeTableViewCell.swift; sourceTree = "<group>"; };
		9A04DCA12743E17F0012658D /* HomeTableViewCell.xib */ = {isa = PBXFileReference; lastKnownFileType = file.xib; path = HomeTableViewCell.xib; sourceTree = "<group>"; };
		9A04DCA42743E7BA0012658D /* HomeContentDataModel.swift */ = {isa = PBXFileReference; lastKnownFileType = sourcecode.swift; path = HomeContentDataModel.swift; sourceTree = "<group>"; };
		9A18707A2708521500228B78 /* DalTube.app */ = {isa = PBXFileReference; explicitFileType = wrapper.application; includeInIndex = 0; path = DalTube.app; sourceTree = BUILT_PRODUCTS_DIR; };
		9A18707D2708521500228B78 /* AppDelegate.swift */ = {isa = PBXFileReference; lastKnownFileType = sourcecode.swift; path = AppDelegate.swift; sourceTree = "<group>"; };
		9A18707F2708521500228B78 /* SceneDelegate.swift */ = {isa = PBXFileReference; lastKnownFileType = sourcecode.swift; path = SceneDelegate.swift; sourceTree = "<group>"; };
		9A1870812708521500228B78 /* ViewController.swift */ = {isa = PBXFileReference; lastKnownFileType = sourcecode.swift; path = ViewController.swift; sourceTree = "<group>"; };
		9A1870842708521500228B78 /* Base */ = {isa = PBXFileReference; lastKnownFileType = file.storyboard; name = Base; path = Base.lproj/Main.storyboard; sourceTree = "<group>"; };
		9A1870862708521600228B78 /* Assets.xcassets */ = {isa = PBXFileReference; lastKnownFileType = folder.assetcatalog; path = Assets.xcassets; sourceTree = "<group>"; };
		9A1870892708521600228B78 /* Base */ = {isa = PBXFileReference; lastKnownFileType = file.storyboard; name = Base; path = Base.lproj/LaunchScreen.storyboard; sourceTree = "<group>"; };
		9A18708B2708521600228B78 /* Info.plist */ = {isa = PBXFileReference; lastKnownFileType = text.plist.xml; path = Info.plist; sourceTree = "<group>"; };
		9A193E11277333E500231077 /* HomeCollectionViewCell.swift */ = {isa = PBXFileReference; lastKnownFileType = sourcecode.swift; path = HomeCollectionViewCell.swift; sourceTree = "<group>"; };
		9A193E12277333E500231077 /* HomeCollectionViewCell.xib */ = {isa = PBXFileReference; lastKnownFileType = file.xib; path = HomeCollectionViewCell.xib; sourceTree = "<group>"; };
		9A193E152773395C00231077 /* TagCollectionViewCell.swift */ = {isa = PBXFileReference; lastKnownFileType = sourcecode.swift; path = TagCollectionViewCell.swift; sourceTree = "<group>"; };
		9A193E162773395C00231077 /* TagCollectionViewCell.xib */ = {isa = PBXFileReference; lastKnownFileType = file.xib; path = TagCollectionViewCell.xib; sourceTree = "<group>"; };
		9A193E1927758AB700231077 /* APIConstants.swift */ = {isa = PBXFileReference; lastKnownFileType = sourcecode.swift; path = APIConstants.swift; sourceTree = "<group>"; };
		9A43F82B27293CDD002DC0D5 /* CustomTabBarController.swift */ = {isa = PBXFileReference; lastKnownFileType = sourcecode.swift; path = CustomTabBarController.swift; sourceTree = "<group>"; };
		9A43F837272944A2002DC0D5 /* HomeVC.swift */ = {isa = PBXFileReference; lastKnownFileType = sourcecode.swift; path = HomeVC.swift; sourceTree = "<group>"; };
		9A43F839272944B6002DC0D5 /* ShortsVC.swift */ = {isa = PBXFileReference; lastKnownFileType = sourcecode.swift; path = ShortsVC.swift; sourceTree = "<group>"; };
		9A43F83B272944BF002DC0D5 /* AddVC.swift */ = {isa = PBXFileReference; lastKnownFileType = sourcecode.swift; path = AddVC.swift; sourceTree = "<group>"; };
		9A43F83D272944C9002DC0D5 /* SubVC.swift */ = {isa = PBXFileReference; lastKnownFileType = sourcecode.swift; path = SubVC.swift; sourceTree = "<group>"; };
		9A43F83F272944D2002DC0D5 /* StoreVC.swift */ = {isa = PBXFileReference; lastKnownFileType = sourcecode.swift; path = StoreVC.swift; sourceTree = "<group>"; };
		9A53B769270A7D7800ECE343 /* LoginViewController.swift */ = {isa = PBXFileReference; lastKnownFileType = sourcecode.swift; path = LoginViewController.swift; sourceTree = "<group>"; };
		9A53B76B270A7DEB00ECE343 /* SigninViewController.swift */ = {isa = PBXFileReference; lastKnownFileType = sourcecode.swift; path = SigninViewController.swift; sourceTree = "<group>"; };
		9A53B76D270A7E0A00ECE343 /* WelcomeViewController.swift */ = {isa = PBXFileReference; lastKnownFileType = sourcecode.swift; path = WelcomeViewController.swift; sourceTree = "<group>"; };
/* End PBXFileReference section */

/* Begin PBXFrameworksBuildPhase section */
		9A1870772708521500228B78 /* Frameworks */ = {
			isa = PBXFrameworksBuildPhase;
			buildActionMask = 2147483647;
			files = (
				5F092D108C58CE0BB3C4CBCF /* Pods_DalTube.framework in Frameworks */,
			);
			runOnlyForDeploymentPostprocessing = 0;
		};
/* End PBXFrameworksBuildPhase section */

/* Begin PBXGroup section */
		35820517A9E6B1F67414976F /* Frameworks */ = {
			isa = PBXGroup;
			children = (
				2F4AA4240BCBBBDD9584CE3A /* Pods_DalTube.framework */,
			);
			name = Frameworks;
			sourceTree = "<group>";
		};
		9A1870712708521500228B78 = {
			isa = PBXGroup;
			children = (
				9A18707C2708521500228B78 /* DalTube */,
				9A18707B2708521500228B78 /* Products */,
				BC6F2FF2BD23D23843C59830 /* Pods */,
				35820517A9E6B1F67414976F /* Frameworks */,
			);
			sourceTree = "<group>";
		};
		9A18707B2708521500228B78 /* Products */ = {
			isa = PBXGroup;
			children = (
				9A18707A2708521500228B78 /* DalTube.app */,
			);
			name = Products;
			sourceTree = "<group>";
		};
		9A18707C2708521500228B78 /* DalTube */ = {
			isa = PBXGroup;
			children = (
				9A193E1B27758B1100231077 /* Network */,
				9A2D56942743A0AB001B264F /* Resource */,
				9A2D56952743A11A001B264F /* Home */,
				9A2D56932743A085001B264F /* TabBar */,
				9A2D56922743A030001B264F /* Login */,
				9A1870862708521600228B78 /* Assets.xcassets */,
				9A1870882708521600228B78 /* LaunchScreen.storyboard */,
				9A1870832708521500228B78 /* Main.storyboard */,
				9A18708B2708521600228B78 /* Info.plist */,
			);
			path = DalTube;
			sourceTree = "<group>";
		};
		9A193E1B27758B1100231077 /* Network */ = {
			isa = PBXGroup;
			children = (
				9A193E1927758AB700231077 /* APIConstants.swift */,
			);
			path = Network;
			sourceTree = "<group>";
		};
		9A2D56922743A030001B264F /* Login */ = {
			isa = PBXGroup;
			children = (
				9A53B769270A7D7800ECE343 /* LoginViewController.swift */,
				9A53B76B270A7DEB00ECE343 /* SigninViewController.swift */,
				9A53B76D270A7E0A00ECE343 /* WelcomeViewController.swift */,
			);
			path = Login;
			sourceTree = "<group>";
		};
		9A2D56932743A085001B264F /* TabBar */ = {
			isa = PBXGroup;
			children = (
				9A43F82B27293CDD002DC0D5 /* CustomTabBarController.swift */,
				9A43F839272944B6002DC0D5 /* ShortsVC.swift */,
				9A43F83B272944BF002DC0D5 /* AddVC.swift */,
				9A43F83D272944C9002DC0D5 /* SubVC.swift */,
				9A43F83F272944D2002DC0D5 /* StoreVC.swift */,
			);
			path = TabBar;
			sourceTree = "<group>";
		};
		9A2D56942743A0AB001B264F /* Resource */ = {
			isa = PBXGroup;
			children = (
				9A18707D2708521500228B78 /* AppDelegate.swift */,
				9A18707F2708521500228B78 /* SceneDelegate.swift */,
				9A1870812708521500228B78 /* ViewController.swift */,
			);
			path = Resource;
			sourceTree = "<group>";
		};
		9A2D56952743A11A001B264F /* Home */ = {
			isa = PBXGroup;
			children = (
				9A43F837272944A2002DC0D5 /* HomeVC.swift */,
				9A04DCA02743E17F0012658D /* HomeTableViewCell.swift */,
				9A193E11277333E500231077 /* HomeCollectionViewCell.swift */,
				9A193E152773395C00231077 /* TagCollectionViewCell.swift */,
				9A193E162773395C00231077 /* TagCollectionViewCell.xib */,
				9A193E12277333E500231077 /* HomeCollectionViewCell.xib */,
				9A04DCA12743E17F0012658D /* HomeTableViewCell.xib */,
				9A04DCA42743E7BA0012658D /* HomeContentDataModel.swift */,
			);
			path = Home;
			sourceTree = "<group>";
		};
		BC6F2FF2BD23D23843C59830 /* Pods */ = {
			isa = PBXGroup;
			children = (
				053A7D81CDD0FABA5B56F7FD /* Pods-DalTube.debug.xcconfig */,
				6647690D6A1F78395DBD5682 /* Pods-DalTube.release.xcconfig */,
			);
			path = Pods;
			sourceTree = "<group>";
		};
/* End PBXGroup section */

/* Begin PBXNativeTarget section */
		9A1870792708521500228B78 /* DalTube */ = {
			isa = PBXNativeTarget;
			buildConfigurationList = 9A18708E2708521600228B78 /* Build configuration list for PBXNativeTarget "DalTube" */;
			buildPhases = (
				F93D8D2E1DF6799F0792747C /* [CP] Check Pods Manifest.lock */,
				9A1870762708521500228B78 /* Sources */,
				9A1870772708521500228B78 /* Frameworks */,
				9A1870782708521500228B78 /* Resources */,
				8FB50EEA9B84DDDD0187A551 /* [CP] Embed Pods Frameworks */,
			);
			buildRules = (
			);
			dependencies = (
			);
			name = DalTube;
			productName = DalTube;
			productReference = 9A18707A2708521500228B78 /* DalTube.app */;
			productType = "com.apple.product-type.application";
		};
/* End PBXNativeTarget section */

/* Begin PBXProject section */
		9A1870722708521500228B78 /* Project object */ = {
			isa = PBXProject;
			attributes = {
				LastSwiftUpdateCheck = 1250;
				LastUpgradeCheck = 1250;
				TargetAttributes = {
					9A1870792708521500228B78 = {
						CreatedOnToolsVersion = 12.5.1;
					};
				};
			};
			buildConfigurationList = 9A1870752708521500228B78 /* Build configuration list for PBXProject "DalTube" */;
			compatibilityVersion = "Xcode 9.3";
			developmentRegion = en;
			hasScannedForEncodings = 0;
			knownRegions = (
				en,
				Base,
			);
			mainGroup = 9A1870712708521500228B78;
			productRefGroup = 9A18707B2708521500228B78 /* Products */;
			projectDirPath = "";
			projectRoot = "";
			targets = (
				9A1870792708521500228B78 /* DalTube */,
			);
		};
/* End PBXProject section */

/* Begin PBXResourcesBuildPhase section */
		9A1870782708521500228B78 /* Resources */ = {
			isa = PBXResourcesBuildPhase;
			buildActionMask = 2147483647;
			files = (
				9A193E14277333E500231077 /* HomeCollectionViewCell.xib in Resources */,
				9A18708A2708521600228B78 /* LaunchScreen.storyboard in Resources */,
				9A1870872708521600228B78 /* Assets.xcassets in Resources */,
				9A193E182773395C00231077 /* TagCollectionViewCell.xib in Resources */,
				9A04DCA32743E17F0012658D /* HomeTableViewCell.xib in Resources */,
				9A1870852708521500228B78 /* Main.storyboard in Resources */,
			);
			runOnlyForDeploymentPostprocessing = 0;
		};
/* End PBXResourcesBuildPhase section */

/* Begin PBXShellScriptBuildPhase section */
		8FB50EEA9B84DDDD0187A551 /* [CP] Embed Pods Frameworks */ = {
			isa = PBXShellScriptBuildPhase;
			buildActionMask = 2147483647;
			files = (
			);
			inputFileListPaths = (
				"${PODS_ROOT}/Target Support Files/Pods-DalTube/Pods-DalTube-frameworks-${CONFIGURATION}-input-files.xcfilelist",
			);
			name = "[CP] Embed Pods Frameworks";
			outputFileListPaths = (
				"${PODS_ROOT}/Target Support Files/Pods-DalTube/Pods-DalTube-frameworks-${CONFIGURATION}-output-files.xcfilelist",
			);
			runOnlyForDeploymentPostprocessing = 0;
			shellPath = /bin/sh;
			shellScript = "\"${PODS_ROOT}/Target Support Files/Pods-DalTube/Pods-DalTube-frameworks.sh\"\n";
			showEnvVarsInLog = 0;
		};
		F93D8D2E1DF6799F0792747C /* [CP] Check Pods Manifest.lock */ = {
			isa = PBXShellScriptBuildPhase;
			buildActionMask = 2147483647;
			files = (
			);
			inputFileListPaths = (
			);
			inputPaths = (
				"${PODS_PODFILE_DIR_PATH}/Podfile.lock",
				"${PODS_ROOT}/Manifest.lock",
			);
			name = "[CP] Check Pods Manifest.lock";
			outputFileListPaths = (
			);
			outputPaths = (
				"$(DERIVED_FILE_DIR)/Pods-DalTube-checkManifestLockResult.txt",
			);
			runOnlyForDeploymentPostprocessing = 0;
			shellPath = /bin/sh;
			shellScript = "diff \"${PODS_PODFILE_DIR_PATH}/Podfile.lock\" \"${PODS_ROOT}/Manifest.lock\" > /dev/null\nif [ $? != 0 ] ; then\n    # print error to STDERR\n    echo \"error: The sandbox is not in sync with the Podfile.lock. Run 'pod install' or update your CocoaPods installation.\" >&2\n    exit 1\nfi\n# This output is used by Xcode 'outputs' to avoid re-running this script phase.\necho \"SUCCESS\" > \"${SCRIPT_OUTPUT_FILE_0}\"\n";
			showEnvVarsInLog = 0;
		};
/* End PBXShellScriptBuildPhase section */

/* Begin PBXSourcesBuildPhase section */
		9A1870762708521500228B78 /* Sources */ = {
			isa = PBXSourcesBuildPhase;
			buildActionMask = 2147483647;
			files = (
				9A04DCA52743E7BA0012658D /* HomeContentDataModel.swift in Sources */,
				9A53B76A270A7D7800ECE343 /* LoginViewController.swift in Sources */,
				9A193E1A27758AB700231077 /* APIConstants.swift in Sources */,
				9A43F838272944A2002DC0D5 /* HomeVC.swift in Sources */,
				9A04DCA22743E17F0012658D /* HomeTableViewCell.swift in Sources */,
				9A43F82C27293CDD002DC0D5 /* CustomTabBarController.swift in Sources */,
				9A193E13277333E500231077 /* HomeCollectionViewCell.swift in Sources */,
				9A53B76C270A7DEB00ECE343 /* SigninViewController.swift in Sources */,
				9A43F83C272944BF002DC0D5 /* AddVC.swift in Sources */,
				9A1870822708521500228B78 /* ViewController.swift in Sources */,
				9A193E172773395C00231077 /* TagCollectionViewCell.swift in Sources */,
				9A43F840272944D2002DC0D5 /* StoreVC.swift in Sources */,
				9A53B76E270A7E0A00ECE343 /* WelcomeViewController.swift in Sources */,
				9A43F83E272944C9002DC0D5 /* SubVC.swift in Sources */,
				9A18707E2708521500228B78 /* AppDelegate.swift in Sources */,
				9A43F83A272944B6002DC0D5 /* ShortsVC.swift in Sources */,
				9A1870802708521500228B78 /* SceneDelegate.swift in Sources */,
			);
			runOnlyForDeploymentPostprocessing = 0;
		};
/* End PBXSourcesBuildPhase section */

/* Begin PBXVariantGroup section */
		9A1870832708521500228B78 /* Main.storyboard */ = {
			isa = PBXVariantGroup;
			children = (
				9A1870842708521500228B78 /* Base */,
			);
			name = Main.storyboard;
			sourceTree = "<group>";
		};
		9A1870882708521600228B78 /* LaunchScreen.storyboard */ = {
			isa = PBXVariantGroup;
			children = (
				9A1870892708521600228B78 /* Base */,
			);
			name = LaunchScreen.storyboard;
			sourceTree = "<group>";
		};
/* End PBXVariantGroup section */

/* Begin XCBuildConfiguration section */
		9A18708C2708521600228B78 /* Debug */ = {
			isa = XCBuildConfiguration;
			buildSettings = {
				ALWAYS_SEARCH_USER_PATHS = NO;
				CLANG_ANALYZER_NONNULL = YES;
				CLANG_ANALYZER_NUMBER_OBJECT_CONVERSION = YES_AGGRESSIVE;
				CLANG_CXX_LANGUAGE_STANDARD = "gnu++14";
				CLANG_CXX_LIBRARY = "libc++";
				CLANG_ENABLE_MODULES = YES;
				CLANG_ENABLE_OBJC_ARC = YES;
				CLANG_ENABLE_OBJC_WEAK = YES;
				CLANG_WARN_BLOCK_CAPTURE_AUTORELEASING = YES;
				CLANG_WARN_BOOL_CONVERSION = YES;
				CLANG_WARN_COMMA = YES;
				CLANG_WARN_CONSTANT_CONVERSION = YES;
				CLANG_WARN_DEPRECATED_OBJC_IMPLEMENTATIONS = YES;
				CLANG_WARN_DIRECT_OBJC_ISA_USAGE = YES_ERROR;
				CLANG_WARN_DOCUMENTATION_COMMENTS = YES;
				CLANG_WARN_EMPTY_BODY = YES;
				CLANG_WARN_ENUM_CONVERSION = YES;
				CLANG_WARN_INFINITE_RECURSION = YES;
				CLANG_WARN_INT_CONVERSION = YES;
				CLANG_WARN_NON_LITERAL_NULL_CONVERSION = YES;
				CLANG_WARN_OBJC_IMPLICIT_RETAIN_SELF = YES;
				CLANG_WARN_OBJC_LITERAL_CONVERSION = YES;
				CLANG_WARN_OBJC_ROOT_CLASS = YES_ERROR;
				CLANG_WARN_QUOTED_INCLUDE_IN_FRAMEWORK_HEADER = YES;
				CLANG_WARN_RANGE_LOOP_ANALYSIS = YES;
				CLANG_WARN_STRICT_PROTOTYPES = YES;
				CLANG_WARN_SUSPICIOUS_MOVE = YES;
				CLANG_WARN_UNGUARDED_AVAILABILITY = YES_AGGRESSIVE;
				CLANG_WARN_UNREACHABLE_CODE = YES;
				CLANG_WARN__DUPLICATE_METHOD_MATCH = YES;
				COPY_PHASE_STRIP = NO;
				DEBUG_INFORMATION_FORMAT = dwarf;
				ENABLE_STRICT_OBJC_MSGSEND = YES;
				ENABLE_TESTABILITY = YES;
				GCC_C_LANGUAGE_STANDARD = gnu11;
				GCC_DYNAMIC_NO_PIC = NO;
				GCC_NO_COMMON_BLOCKS = YES;
				GCC_OPTIMIZATION_LEVEL = 0;
				GCC_PREPROCESSOR_DEFINITIONS = (
					"DEBUG=1",
					"$(inherited)",
				);
				GCC_WARN_64_TO_32_BIT_CONVERSION = YES;
				GCC_WARN_ABOUT_RETURN_TYPE = YES_ERROR;
				GCC_WARN_UNDECLARED_SELECTOR = YES;
				GCC_WARN_UNINITIALIZED_AUTOS = YES_AGGRESSIVE;
				GCC_WARN_UNUSED_FUNCTION = YES;
				GCC_WARN_UNUSED_VARIABLE = YES;
				IPHONEOS_DEPLOYMENT_TARGET = 14.5;
				MTL_ENABLE_DEBUG_INFO = INCLUDE_SOURCE;
				MTL_FAST_MATH = YES;
				ONLY_ACTIVE_ARCH = YES;
				SDKROOT = iphoneos;
				SWIFT_ACTIVE_COMPILATION_CONDITIONS = DEBUG;
				SWIFT_OPTIMIZATION_LEVEL = "-Onone";
			};
			name = Debug;
		};
		9A18708D2708521600228B78 /* Release */ = {
			isa = XCBuildConfiguration;
			buildSettings = {
				ALWAYS_SEARCH_USER_PATHS = NO;
				CLANG_ANALYZER_NONNULL = YES;
				CLANG_ANALYZER_NUMBER_OBJECT_CONVERSION = YES_AGGRESSIVE;
				CLANG_CXX_LANGUAGE_STANDARD = "gnu++14";
				CLANG_CXX_LIBRARY = "libc++";
				CLANG_ENABLE_MODULES = YES;
				CLANG_ENABLE_OBJC_ARC = YES;
				CLANG_ENABLE_OBJC_WEAK = YES;
				CLANG_WARN_BLOCK_CAPTURE_AUTORELEASING = YES;
				CLANG_WARN_BOOL_CONVERSION = YES;
				CLANG_WARN_COMMA = YES;
				CLANG_WARN_CONSTANT_CONVERSION = YES;
				CLANG_WARN_DEPRECATED_OBJC_IMPLEMENTATIONS = YES;
				CLANG_WARN_DIRECT_OBJC_ISA_USAGE = YES_ERROR;
				CLANG_WARN_DOCUMENTATION_COMMENTS = YES;
				CLANG_WARN_EMPTY_BODY = YES;
				CLANG_WARN_ENUM_CONVERSION = YES;
				CLANG_WARN_INFINITE_RECURSION = YES;
				CLANG_WARN_INT_CONVERSION = YES;
				CLANG_WARN_NON_LITERAL_NULL_CONVERSION = YES;
				CLANG_WARN_OBJC_IMPLICIT_RETAIN_SELF = YES;
				CLANG_WARN_OBJC_LITERAL_CONVERSION = YES;
				CLANG_WARN_OBJC_ROOT_CLASS = YES_ERROR;
				CLANG_WARN_QUOTED_INCLUDE_IN_FRAMEWORK_HEADER = YES;
				CLANG_WARN_RANGE_LOOP_ANALYSIS = YES;
				CLANG_WARN_STRICT_PROTOTYPES = YES;
				CLANG_WARN_SUSPICIOUS_MOVE = YES;
				CLANG_WARN_UNGUARDED_AVAILABILITY = YES_AGGRESSIVE;
				CLANG_WARN_UNREACHABLE_CODE = YES;
				CLANG_WARN__DUPLICATE_METHOD_MATCH = YES;
				COPY_PHASE_STRIP = NO;
				DEBUG_INFORMATION_FORMAT = "dwarf-with-dsym";
				ENABLE_NS_ASSERTIONS = NO;
				ENABLE_STRICT_OBJC_MSGSEND = YES;
				GCC_C_LANGUAGE_STANDARD = gnu11;
				GCC_NO_COMMON_BLOCKS = YES;
				GCC_WARN_64_TO_32_BIT_CONVERSION = YES;
				GCC_WARN_ABOUT_RETURN_TYPE = YES_ERROR;
				GCC_WARN_UNDECLARED_SELECTOR = YES;
				GCC_WARN_UNINITIALIZED_AUTOS = YES_AGGRESSIVE;
				GCC_WARN_UNUSED_FUNCTION = YES;
				GCC_WARN_UNUSED_VARIABLE = YES;
				IPHONEOS_DEPLOYMENT_TARGET = 14.5;
				MTL_ENABLE_DEBUG_INFO = NO;
				MTL_FAST_MATH = YES;
				SDKROOT = iphoneos;
				SWIFT_COMPILATION_MODE = wholemodule;
				SWIFT_OPTIMIZATION_LEVEL = "-O";
				VALIDATE_PRODUCT = YES;
			};
			name = Release;
		};
		9A18708F2708521600228B78 /* Debug */ = {
			isa = XCBuildConfiguration;
			baseConfigurationReference = 053A7D81CDD0FABA5B56F7FD /* Pods-DalTube.debug.xcconfig */;
			buildSettings = {
				ASSETCATALOG_COMPILER_APPICON_NAME = AppIcon;
				ASSETCATALOG_COMPILER_GLOBAL_ACCENT_COLOR_NAME = AccentColor;
				CODE_SIGN_STYLE = Automatic;
				INFOPLIST_FILE = DalTube/Info.plist;
				LD_RUNPATH_SEARCH_PATHS = (
					"$(inherited)",
					"@executable_path/Frameworks",
				);
				PRODUCT_BUNDLE_IDENTIFIER = seondal.DalTube;
				PRODUCT_NAME = "$(TARGET_NAME)";
				SWIFT_VERSION = 5.0;
				TARGETED_DEVICE_FAMILY = "1,2";
			};
			name = Debug;
		};
		9A1870902708521600228B78 /* Release */ = {
			isa = XCBuildConfiguration;
			baseConfigurationReference = 6647690D6A1F78395DBD5682 /* Pods-DalTube.release.xcconfig */;
			buildSettings = {
				ASSETCATALOG_COMPILER_APPICON_NAME = AppIcon;
				ASSETCATALOG_COMPILER_GLOBAL_ACCENT_COLOR_NAME = AccentColor;
				CODE_SIGN_STYLE = Automatic;
				INFOPLIST_FILE = DalTube/Info.plist;
				LD_RUNPATH_SEARCH_PATHS = (
					"$(inherited)",
					"@executable_path/Frameworks",
				);
				PRODUCT_BUNDLE_IDENTIFIER = seondal.DalTube;
				PRODUCT_NAME = "$(TARGET_NAME)";
				SWIFT_VERSION = 5.0;
				TARGETED_DEVICE_FAMILY = "1,2";
			};
			name = Release;
		};
/* End XCBuildConfiguration section */

/* Begin XCConfigurationList section */
		9A1870752708521500228B78 /* Build configuration list for PBXProject "DalTube" */ = {
			isa = XCConfigurationList;
			buildConfigurations = (
				9A18708C2708521600228B78 /* Debug */,
				9A18708D2708521600228B78 /* Release */,
			);
			defaultConfigurationIsVisible = 0;
			defaultConfigurationName = Release;
		};
		9A18708E2708521600228B78 /* Build configuration list for PBXNativeTarget "DalTube" */ = {
			isa = XCConfigurationList;
			buildConfigurations = (
				9A18708F2708521600228B78 /* Debug */,
				9A1870902708521600228B78 /* Release */,
			);
			defaultConfigurationIsVisible = 0;
			defaultConfigurationName = Release;
		};
/* End XCConfigurationList section */
	};
	rootObject = 9A1870722708521500228B78 /* Project object */;
}
